// !$*UTF8*$!
{
	archiveVersion = 1;
	classes = {
	};
	objectVersion = 46;
	objects = {

/* Begin PBXBuildFile section */
		C927691A1926C3240016A0F1 /* Foundation.framework in Frameworks */ = {isa = PBXBuildFile; fileRef = C92769191926C3240016A0F1 /* Foundation.framework */; };
		C927691C1926C3240016A0F1 /* CoreGraphics.framework in Frameworks */ = {isa = PBXBuildFile; fileRef = C927691B1926C3240016A0F1 /* CoreGraphics.framework */; };
		C927691E1926C3240016A0F1 /* UIKit.framework in Frameworks */ = {isa = PBXBuildFile; fileRef = C927691D1926C3240016A0F1 /* UIKit.framework */; };
		C92769241926C3240016A0F1 /* InfoPlist.strings in Resources */ = {isa = PBXBuildFile; fileRef = C92769221926C3240016A0F1 /* InfoPlist.strings */; };
		C92769261926C3240016A0F1 /* main.m in Sources */ = {isa = PBXBuildFile; fileRef = C92769251926C3240016A0F1 /* main.m */; };
		C927692A1926C3240016A0F1 /* MTZAppDelegate.m in Sources */ = {isa = PBXBuildFile; fileRef = C92769291926C3240016A0F1 /* MTZAppDelegate.m */; };
		C92769331926C3240016A0F1 /* MTZViewController.m in Sources */ = {isa = PBXBuildFile; fileRef = C92769321926C3240016A0F1 /* MTZViewController.m */; };
		C92769351926C3240016A0F1 /* Images.xcassets in Resources */ = {isa = PBXBuildFile; fileRef = C92769341926C3240016A0F1 /* Images.xcassets */; };
		C927693C1926C3240016A0F1 /* XCTest.framework in Frameworks */ = {isa = PBXBuildFile; fileRef = C927693B1926C3240016A0F1 /* XCTest.framework */; };
		C927693D1926C3240016A0F1 /* Foundation.framework in Frameworks */ = {isa = PBXBuildFile; fileRef = C92769191926C3240016A0F1 /* Foundation.framework */; };
		C927693E1926C3240016A0F1 /* UIKit.framework in Frameworks */ = {isa = PBXBuildFile; fileRef = C927691D1926C3240016A0F1 /* UIKit.framework */; };
		C92769461926C3240016A0F1 /* InfoPlist.strings in Resources */ = {isa = PBXBuildFile; fileRef = C92769441926C3240016A0F1 /* InfoPlist.strings */; };
		C92769481926C3240016A0F1 /* What_s_NewTests.m in Sources */ = {isa = PBXBuildFile; fileRef = C92769471926C3240016A0F1 /* What_s_NewTests.m */; };
		C927695B1926CE690016A0F1 /* What's New.plist in Resources */ = {isa = PBXBuildFile; fileRef = C927695A1926CE690016A0F1 /* What's New.plist */; };
		C95B8D80192FA7BE00D0A887 /* MTZWhatsNew.m in Sources */ = {isa = PBXBuildFile; fileRef = C95B8D7F192FA7BE00D0A887 /* MTZWhatsNew.m */; };
		C95B8D83192FA7CB00D0A887 /* MTZTableView.m in Sources */ = {isa = PBXBuildFile; fileRef = C95B8D82192FA7CB00D0A887 /* MTZTableView.m */; };
		C95B8D87192FA7D700D0A887 /* MTZWhatsNewViewController.m in Sources */ = {isa = PBXBuildFile; fileRef = C95B8D86192FA7D700D0A887 /* MTZWhatsNewViewController.m */; };
		C95B8D8D192FA7F300D0A887 /* MTZWhatsNewFeatureTableViewCell.m in Sources */ = {isa = PBXBuildFile; fileRef = C95B8D8C192FA7F300D0A887 /* MTZWhatsNewFeatureTableViewCell.m */; };
		C95B8D92192FA7FA00D0A887 /* LICENSE.txt in Resources */ = {isa = PBXBuildFile; fileRef = C95B8D8F192FA7FA00D0A887 /* LICENSE.txt */; };
		C95B8D93192FA7FA00D0A887 /* SAMGradientView.m in Sources */ = {isa = PBXBuildFile; fileRef = C95B8D91192FA7FA00D0A887 /* SAMGradientView.m */; };
/* End PBXBuildFile section */

/* Begin PBXContainerItemProxy section */
		C927693F1926C3240016A0F1 /* PBXContainerItemProxy */ = {
			isa = PBXContainerItemProxy;
			containerPortal = C927690E1926C3240016A0F1 /* Project object */;
			proxyType = 1;
			remoteGlobalIDString = C92769151926C3240016A0F1;
			remoteInfo = "What's New";
		};
/* End PBXContainerItemProxy section */

/* Begin PBXFileReference section */
		C92769161926C3240016A0F1 /* What's New.app */ = {isa = PBXFileReference; explicitFileType = wrapper.application; includeInIndex = 0; path = "What's New.app"; sourceTree = BUILT_PRODUCTS_DIR; };
		C92769191926C3240016A0F1 /* Foundation.framework */ = {isa = PBXFileReference; lastKnownFileType = wrapper.framework; name = Foundation.framework; path = System/Library/Frameworks/Foundation.framework; sourceTree = SDKROOT; };
		C927691B1926C3240016A0F1 /* CoreGraphics.framework */ = {isa = PBXFileReference; lastKnownFileType = wrapper.framework; name = CoreGraphics.framework; path = System/Library/Frameworks/CoreGraphics.framework; sourceTree = SDKROOT; };
		C927691D1926C3240016A0F1 /* UIKit.framework */ = {isa = PBXFileReference; lastKnownFileType = wrapper.framework; name = UIKit.framework; path = System/Library/Frameworks/UIKit.framework; sourceTree = SDKROOT; };
		C92769211926C3240016A0F1 /* What's New-Info.plist */ = {isa = PBXFileReference; lastKnownFileType = text.plist.xml; path = "What's New-Info.plist"; sourceTree = "<group>"; };
		C92769231926C3240016A0F1 /* en */ = {isa = PBXFileReference; lastKnownFileType = text.plist.strings; name = en; path = en.lproj/InfoPlist.strings; sourceTree = "<group>"; };
		C92769251926C3240016A0F1 /* main.m */ = {isa = PBXFileReference; lastKnownFileType = sourcecode.c.objc; path = main.m; sourceTree = "<group>"; };
		C92769271926C3240016A0F1 /* What's New-Prefix.pch */ = {isa = PBXFileReference; lastKnownFileType = sourcecode.c.h; path = "What's New-Prefix.pch"; sourceTree = "<group>"; };
		C92769281926C3240016A0F1 /* MTZAppDelegate.h */ = {isa = PBXFileReference; lastKnownFileType = sourcecode.c.h; path = MTZAppDelegate.h; sourceTree = "<group>"; };
		C92769291926C3240016A0F1 /* MTZAppDelegate.m */ = {isa = PBXFileReference; lastKnownFileType = sourcecode.c.objc; path = MTZAppDelegate.m; sourceTree = "<group>"; };
		C92769311926C3240016A0F1 /* MTZViewController.h */ = {isa = PBXFileReference; lastKnownFileType = sourcecode.c.h; path = MTZViewController.h; sourceTree = "<group>"; };
		C92769321926C3240016A0F1 /* MTZViewController.m */ = {isa = PBXFileReference; lastKnownFileType = sourcecode.c.objc; path = MTZViewController.m; sourceTree = "<group>"; };
		C92769341926C3240016A0F1 /* Images.xcassets */ = {isa = PBXFileReference; lastKnownFileType = folder.assetcatalog; path = Images.xcassets; sourceTree = "<group>"; };
		C927693A1926C3240016A0F1 /* What's NewTests.xctest */ = {isa = PBXFileReference; explicitFileType = wrapper.cfbundle; includeInIndex = 0; path = "What's NewTests.xctest"; sourceTree = BUILT_PRODUCTS_DIR; };
		C927693B1926C3240016A0F1 /* XCTest.framework */ = {isa = PBXFileReference; lastKnownFileType = wrapper.framework; name = XCTest.framework; path = Library/Frameworks/XCTest.framework; sourceTree = DEVELOPER_DIR; };
		C92769431926C3240016A0F1 /* What's NewTests-Info.plist */ = {isa = PBXFileReference; lastKnownFileType = text.plist.xml; path = "What's NewTests-Info.plist"; sourceTree = "<group>"; };
		C92769451926C3240016A0F1 /* en */ = {isa = PBXFileReference; lastKnownFileType = text.plist.strings; name = en; path = en.lproj/InfoPlist.strings; sourceTree = "<group>"; };
		C92769471926C3240016A0F1 /* What_s_NewTests.m */ = {isa = PBXFileReference; lastKnownFileType = sourcecode.c.objc; path = What_s_NewTests.m; sourceTree = "<group>"; };
		C927695A1926CE690016A0F1 /* What's New.plist */ = {isa = PBXFileReference; fileEncoding = 4; lastKnownFileType = text.plist.xml; path = "What's New.plist"; sourceTree = "<group>"; };
		C95B8D7E192FA7BE00D0A887 /* MTZWhatsNew.h */ = {isa = PBXFileReference; fileEncoding = 4; lastKnownFileType = sourcecode.c.h; name = MTZWhatsNew.h; path = Classes/MTZWhatsNew.h; sourceTree = SOURCE_ROOT; };
		C95B8D7F192FA7BE00D0A887 /* MTZWhatsNew.m */ = {isa = PBXFileReference; fileEncoding = 4; lastKnownFileType = sourcecode.c.objc; name = MTZWhatsNew.m; path = Classes/MTZWhatsNew.m; sourceTree = SOURCE_ROOT; };
		C95B8D81192FA7CB00D0A887 /* MTZTableView.h */ = {isa = PBXFileReference; fileEncoding = 4; lastKnownFileType = sourcecode.c.h; name = MTZTableView.h; path = Classes/MTZWhatsNewViewController/MTZTableView.h; sourceTree = SOURCE_ROOT; };
		C95B8D82192FA7CB00D0A887 /* MTZTableView.m */ = {isa = PBXFileReference; fileEncoding = 4; lastKnownFileType = sourcecode.c.objc; name = MTZTableView.m; path = Classes/MTZWhatsNewViewController/MTZTableView.m; sourceTree = SOURCE_ROOT; };
		C95B8D85192FA7D700D0A887 /* MTZWhatsNewViewController.h */ = {isa = PBXFileReference; fileEncoding = 4; lastKnownFileType = sourcecode.c.h; name = MTZWhatsNewViewController.h; path = Classes/MTZWhatsNewViewController/MTZWhatsNewViewController.h; sourceTree = SOURCE_ROOT; };
		C95B8D86192FA7D700D0A887 /* MTZWhatsNewViewController.m */ = {isa = PBXFileReference; fileEncoding = 4; lastKnownFileType = sourcecode.c.objc; name = MTZWhatsNewViewController.m; path = Classes/MTZWhatsNewViewController/MTZWhatsNewViewController.m; sourceTree = SOURCE_ROOT; };
		C95B8D8B192FA7F300D0A887 /* MTZWhatsNewFeatureTableViewCell.h */ = {isa = PBXFileReference; fileEncoding = 4; lastKnownFileType = sourcecode.c.h; name = MTZWhatsNewFeatureTableViewCell.h; path = Classes/MTZWhatsNewViewController/MTZWhatsNewFeatureTableViewCell.h; sourceTree = SOURCE_ROOT; };
		C95B8D8C192FA7F300D0A887 /* MTZWhatsNewFeatureTableViewCell.m */ = {isa = PBXFileReference; fileEncoding = 4; lastKnownFileType = sourcecode.c.objc; name = MTZWhatsNewFeatureTableViewCell.m; path = Classes/MTZWhatsNewViewController/MTZWhatsNewFeatureTableViewCell.m; sourceTree = SOURCE_ROOT; };
		C95B8D8F192FA7FA00D0A887 /* LICENSE.txt */ = {isa = PBXFileReference; fileEncoding = 4; lastKnownFileType = text; path = LICENSE.txt; sourceTree = "<group>"; };
		C95B8D90192FA7FA00D0A887 /* SAMGradientView.h */ = {isa = PBXFileReference; fileEncoding = 4; lastKnownFileType = sourcecode.c.h; path = SAMGradientView.h; sourceTree = "<group>"; };
		C95B8D91192FA7FA00D0A887 /* SAMGradientView.m */ = {isa = PBXFileReference; fileEncoding = 4; lastKnownFileType = sourcecode.c.objc; path = SAMGradientView.m; sourceTree = "<group>"; };
/* End PBXFileReference section */

/* Begin PBXFrameworksBuildPhase section */
		C92769131926C3240016A0F1 /* Frameworks */ = {
			isa = PBXFrameworksBuildPhase;
			buildActionMask = 2147483647;
			files = (
				C927691C1926C3240016A0F1 /* CoreGraphics.framework in Frameworks */,
				C927691E1926C3240016A0F1 /* UIKit.framework in Frameworks */,
				C927691A1926C3240016A0F1 /* Foundation.framework in Frameworks */,
			);
			runOnlyForDeploymentPostprocessing = 0;
		};
		C92769371926C3240016A0F1 /* Frameworks */ = {
			isa = PBXFrameworksBuildPhase;
			buildActionMask = 2147483647;
			files = (
				C927693C1926C3240016A0F1 /* XCTest.framework in Frameworks */,
				C927693E1926C3240016A0F1 /* UIKit.framework in Frameworks */,
				C927693D1926C3240016A0F1 /* Foundation.framework in Frameworks */,
			);
			runOnlyForDeploymentPostprocessing = 0;
		};
/* End PBXFrameworksBuildPhase section */

/* Begin PBXGroup section */
		C927690D1926C3240016A0F1 = {
			isa = PBXGroup;
			children = (
				C927691F1926C3240016A0F1 /* What's New */,
				C92769411926C3240016A0F1 /* What's NewTests */,
				C92769181926C3240016A0F1 /* Frameworks */,
				C92769171926C3240016A0F1 /* Products */,
			);
			sourceTree = "<group>";
		};
		C92769171926C3240016A0F1 /* Products */ = {
			isa = PBXGroup;
			children = (
				C92769161926C3240016A0F1 /* What's New.app */,
				C927693A1926C3240016A0F1 /* What's NewTests.xctest */,
			);
			name = Products;
			sourceTree = "<group>";
		};
		C92769181926C3240016A0F1 /* Frameworks */ = {
			isa = PBXGroup;
			children = (
				C92769191926C3240016A0F1 /* Foundation.framework */,
				C927691B1926C3240016A0F1 /* CoreGraphics.framework */,
				C927691D1926C3240016A0F1 /* UIKit.framework */,
				C927693B1926C3240016A0F1 /* XCTest.framework */,
			);
			name = Frameworks;
			sourceTree = "<group>";
		};
		C927691F1926C3240016A0F1 /* What's New */ = {
			isa = PBXGroup;
			children = (
				C92769281926C3240016A0F1 /* MTZAppDelegate.h */,
				C92769291926C3240016A0F1 /* MTZAppDelegate.m */,
				C92769311926C3240016A0F1 /* MTZViewController.h */,
				C92769321926C3240016A0F1 /* MTZViewController.m */,
				C92769541926C7E30016A0F1 /* MTZWhatsNew */,
				C92769341926C3240016A0F1 /* Images.xcassets */,
				C92769201926C3240016A0F1 /* Supporting Files */,
			);
			path = "What's New";
			sourceTree = "<group>";
		};
		C92769201926C3240016A0F1 /* Supporting Files */ = {
			isa = PBXGroup;
			children = (
				C927695A1926CE690016A0F1 /* What's New.plist */,
				C92769211926C3240016A0F1 /* What's New-Info.plist */,
				C92769221926C3240016A0F1 /* InfoPlist.strings */,
				C92769251926C3240016A0F1 /* main.m */,
				C92769271926C3240016A0F1 /* What's New-Prefix.pch */,
			);
			name = "Supporting Files";
			sourceTree = "<group>";
		};
		C92769411926C3240016A0F1 /* What's NewTests */ = {
			isa = PBXGroup;
			children = (
				C92769471926C3240016A0F1 /* What_s_NewTests.m */,
				C92769421926C3240016A0F1 /* Supporting Files */,
			);
			path = "What's NewTests";
			sourceTree = "<group>";
		};
		C92769421926C3240016A0F1 /* Supporting Files */ = {
			isa = PBXGroup;
			children = (
				C92769431926C3240016A0F1 /* What's NewTests-Info.plist */,
				C92769441926C3240016A0F1 /* InfoPlist.strings */,
			);
			name = "Supporting Files";
			sourceTree = "<group>";
		};
		C92769541926C7E30016A0F1 /* MTZWhatsNew */ = {
			isa = PBXGroup;
			children = (
				C95B8D7E192FA7BE00D0A887 /* MTZWhatsNew.h */,
				C95B8D7F192FA7BE00D0A887 /* MTZWhatsNew.m */,
				C95B8D84192FA7CF00D0A887 /* MTZWhatsNewViewController */,
			);
			name = MTZWhatsNew;
			path = MTMigration;
			sourceTree = "<group>";
		};
		C95B8D84192FA7CF00D0A887 /* MTZWhatsNewViewController */ = {
			isa = PBXGroup;
			children = (
				C95B8D85192FA7D700D0A887 /* MTZWhatsNewViewController.h */,
				C95B8D86192FA7D700D0A887 /* MTZWhatsNewViewController.m */,
				C95B8D81192FA7CB00D0A887 /* MTZTableView.h */,
				C95B8D82192FA7CB00D0A887 /* MTZTableView.m */,
				C95B8D8B192FA7F300D0A887 /* MTZWhatsNewFeatureTableViewCell.h */,
				C95B8D8C192FA7F300D0A887 /* MTZWhatsNewFeatureTableViewCell.m */,
				C95B8D8E192FA7FA00D0A887 /* SAMGradientView */,
			);
			name = MTZWhatsNewViewController;
			sourceTree = "<group>";
		};
		C95B8D8E192FA7FA00D0A887 /* SAMGradientView */ = {
			isa = PBXGroup;
			children = (
				C95B8D8F192FA7FA00D0A887 /* LICENSE.txt */,
				C95B8D90192FA7FA00D0A887 /* SAMGradientView.h */,
				C95B8D91192FA7FA00D0A887 /* SAMGradientView.m */,
			);
			name = SAMGradientView;
			path = Classes/MTZWhatsNewViewController/SAMGradientView;
			sourceTree = SOURCE_ROOT;
		};
/* End PBXGroup section */

/* Begin PBXNativeTarget section */
		C92769151926C3240016A0F1 /* What's New */ = {
			isa = PBXNativeTarget;
			buildConfigurationList = C927694B1926C3240016A0F1 /* Build configuration list for PBXNativeTarget "What's New" */;
			buildPhases = (
				C92769121926C3240016A0F1 /* Sources */,
				C92769131926C3240016A0F1 /* Frameworks */,
				C92769141926C3240016A0F1 /* Resources */,
			);
			buildRules = (
			);
			dependencies = (
			);
			name = "What's New";
			productName = "What's New";
			productReference = C92769161926C3240016A0F1 /* What's New.app */;
			productType = "com.apple.product-type.application";
		};
		C92769391926C3240016A0F1 /* What's NewTests */ = {
			isa = PBXNativeTarget;
			buildConfigurationList = C927694E1926C3240016A0F1 /* Build configuration list for PBXNativeTarget "What's NewTests" */;
			buildPhases = (
				C92769361926C3240016A0F1 /* Sources */,
				C92769371926C3240016A0F1 /* Frameworks */,
				C92769381926C3240016A0F1 /* Resources */,
			);
			buildRules = (
			);
			dependencies = (
				C92769401926C3240016A0F1 /* PBXTargetDependency */,
			);
			name = "What's NewTests";
			productName = "What's NewTests";
			productReference = C927693A1926C3240016A0F1 /* What's NewTests.xctest */;
			productType = "com.apple.product-type.bundle.unit-test";
		};
/* End PBXNativeTarget section */

/* Begin PBXProject section */
		C927690E1926C3240016A0F1 /* Project object */ = {
			isa = PBXProject;
			attributes = {
				CLASSPREFIX = MTZ;
				LastUpgradeCheck = 0510;
				ORGANIZATIONNAME = "Matt Zanchelli";
				TargetAttributes = {
					C92769391926C3240016A0F1 = {
						TestTargetID = C92769151926C3240016A0F1;
					};
				};
			};
			buildConfigurationList = C92769111926C3240016A0F1 /* Build configuration list for PBXProject "What's New" */;
			compatibilityVersion = "Xcode 3.2";
			developmentRegion = English;
			hasScannedForEncodings = 0;
			knownRegions = (
				en,
				Base,
			);
			mainGroup = C927690D1926C3240016A0F1;
			productRefGroup = C92769171926C3240016A0F1 /* Products */;
			projectDirPath = "";
			projectRoot = "";
			targets = (
				C92769151926C3240016A0F1 /* What's New */,
				C92769391926C3240016A0F1 /* What's NewTests */,
			);
		};
/* End PBXProject section */

/* Begin PBXResourcesBuildPhase section */
		C92769141926C3240016A0F1 /* Resources */ = {
			isa = PBXResourcesBuildPhase;
			buildActionMask = 2147483647;
			files = (
				C95B8D92192FA7FA00D0A887 /* LICENSE.txt in Resources */,
				C92769351926C3240016A0F1 /* Images.xcassets in Resources */,
				C927695B1926CE690016A0F1 /* What's New.plist in Resources */,
				C92769241926C3240016A0F1 /* InfoPlist.strings in Resources */,
			);
			runOnlyForDeploymentPostprocessing = 0;
		};
		C92769381926C3240016A0F1 /* Resources */ = {
			isa = PBXResourcesBuildPhase;
			buildActionMask = 2147483647;
			files = (
				C92769461926C3240016A0F1 /* InfoPlist.strings in Resources */,
			);
			runOnlyForDeploymentPostprocessing = 0;
		};
/* End PBXResourcesBuildPhase section */

/* Begin PBXSourcesBuildPhase section */
		C92769121926C3240016A0F1 /* Sources */ = {
			isa = PBXSourcesBuildPhase;
			buildActionMask = 2147483647;
			files = (
				C95B8D83192FA7CB00D0A887 /* MTZTableView.m in Sources */,
				C927692A1926C3240016A0F1 /* MTZAppDelegate.m in Sources */,
				C95B8D93192FA7FA00D0A887 /* SAMGradientView.m in Sources */,
				C92769261926C3240016A0F1 /* main.m in Sources */,
				C92769331926C3240016A0F1 /* MTZViewController.m in Sources */,
				C95B8D80192FA7BE00D0A887 /* MTZWhatsNew.m in Sources */,
				C95B8D8D192FA7F300D0A887 /* MTZWhatsNewFeatureTableViewCell.m in Sources */,
				C95B8D87192FA7D700D0A887 /* MTZWhatsNewViewController.m in Sources */,
			);
			runOnlyForDeploymentPostprocessing = 0;
		};
		C92769361926C3240016A0F1 /* Sources */ = {
			isa = PBXSourcesBuildPhase;
			buildActionMask = 2147483647;
			files = (
				C92769481926C3240016A0F1 /* What_s_NewTests.m in Sources */,
			);
			runOnlyForDeploymentPostprocessing = 0;
		};
/* End PBXSourcesBuildPhase section */

/* Begin PBXTargetDependency section */
		C92769401926C3240016A0F1 /* PBXTargetDependency */ = {
			isa = PBXTargetDependency;
			target = C92769151926C3240016A0F1 /* What's New */;
			targetProxy = C927693F1926C3240016A0F1 /* PBXContainerItemProxy */;
		};
/* End PBXTargetDependency section */

/* Begin PBXVariantGroup section */
		C92769221926C3240016A0F1 /* InfoPlist.strings */ = {
			isa = PBXVariantGroup;
			children = (
				C92769231926C3240016A0F1 /* en */,
			);
			name = InfoPlist.strings;
			sourceTree = "<group>";
		};
		C92769441926C3240016A0F1 /* InfoPlist.strings */ = {
			isa = PBXVariantGroup;
			children = (
				C92769451926C3240016A0F1 /* en */,
			);
			name = InfoPlist.strings;
			sourceTree = "<group>";
		};
/* End PBXVariantGroup section */

/* Begin XCBuildConfiguration section */
		C92769491926C3240016A0F1 /* Debug */ = {
			isa = XCBuildConfiguration;
			buildSettings = {
				ALWAYS_SEARCH_USER_PATHS = NO;
				CLANG_CXX_LANGUAGE_STANDARD = "gnu++0x";
				CLANG_CXX_LIBRARY = "libc++";
				CLANG_ENABLE_MODULES = YES;
				CLANG_ENABLE_OBJC_ARC = YES;
				CLANG_WARN_BOOL_CONVERSION = YES;
				CLANG_WARN_CONSTANT_CONVERSION = YES;
				CLANG_WARN_DIRECT_OBJC_ISA_USAGE = YES_ERROR;
				CLANG_WARN_EMPTY_BODY = YES;
				CLANG_WARN_ENUM_CONVERSION = YES;
				CLANG_WARN_INT_CONVERSION = YES;
				CLANG_WARN_OBJC_ROOT_CLASS = YES_ERROR;
				CLANG_WARN__DUPLICATE_METHOD_MATCH = YES;
				"CODE_SIGN_IDENTITY[sdk=iphoneos*]" = "iPhone Developer";
				COPY_PHASE_STRIP = NO;
				GCC_C_LANGUAGE_STANDARD = gnu99;
				GCC_DYNAMIC_NO_PIC = NO;
				GCC_OPTIMIZATION_LEVEL = 0;
				GCC_PREPROCESSOR_DEFINITIONS = (
					"DEBUG=1",
					"$(inherited)",
				);
				GCC_SYMBOLS_PRIVATE_EXTERN = NO;
				GCC_WARN_64_TO_32_BIT_CONVERSION = YES;
				GCC_WARN_ABOUT_RETURN_TYPE = YES_ERROR;
				GCC_WARN_UNDECLARED_SELECTOR = YES;
				GCC_WARN_UNINITIALIZED_AUTOS = YES_AGGRESSIVE;
				GCC_WARN_UNUSED_FUNCTION = YES;
				GCC_WARN_UNUSED_VARIABLE = YES;
				IPHONEOS_DEPLOYMENT_TARGET = 7.1;
				ONLY_ACTIVE_ARCH = YES;
				SDKROOT = iphoneos;
				TARGETED_DEVICE_FAMILY = "1,2";
			};
			name = Debug;
		};
		C927694A1926C3240016A0F1 /* Release */ = {
			isa = XCBuildConfiguration;
			buildSettings = {
				ALWAYS_SEARCH_USER_PATHS = NO;
				CLANG_CXX_LANGUAGE_STANDARD = "gnu++0x";
				CLANG_CXX_LIBRARY = "libc++";
				CLANG_ENABLE_MODULES = YES;
				CLANG_ENABLE_OBJC_ARC = YES;
				CLANG_WARN_BOOL_CONVERSION = YES;
				CLANG_WARN_CONSTANT_CONVERSION = YES;
				CLANG_WARN_DIRECT_OBJC_ISA_USAGE = YES_ERROR;
				CLANG_WARN_EMPTY_BODY = YES;
				CLANG_WARN_ENUM_CONVERSION = YES;
				CLANG_WARN_INT_CONVERSION = YES;
				CLANG_WARN_OBJC_ROOT_CLASS = YES_ERROR;
				CLANG_WARN__DUPLICATE_METHOD_MATCH = YES;
				"CODE_SIGN_IDENTITY[sdk=iphoneos*]" = "iPhone Developer";
				COPY_PHASE_STRIP = YES;
				ENABLE_NS_ASSERTIONS = NO;
				GCC_C_LANGUAGE_STANDARD = gnu99;
				GCC_WARN_64_TO_32_BIT_CONVERSION = YES;
				GCC_WARN_ABOUT_RETURN_TYPE = YES_ERROR;
				GCC_WARN_UNDECLARED_SELECTOR = YES;
				GCC_WARN_UNINITIALIZED_AUTOS = YES_AGGRESSIVE;
				GCC_WARN_UNUSED_FUNCTION = YES;
				GCC_WARN_UNUSED_VARIABLE = YES;
				IPHONEOS_DEPLOYMENT_TARGET = 7.1;
				SDKROOT = iphoneos;
				TARGETED_DEVICE_FAMILY = "1,2";
				VALIDATE_PRODUCT = YES;
			};
			name = Release;
		};
		C927694C1926C3240016A0F1 /* Debug */ = {
			isa = XCBuildConfiguration;
			buildSettings = {
				ASSETCATALOG_COMPILER_APPICON_NAME = AppIcon;
				ASSETCATALOG_COMPILER_LAUNCHIMAGE_NAME = LaunchImage;
				GCC_PRECOMPILE_PREFIX_HEADER = YES;
				GCC_PREFIX_HEADER = "What's New/What's New-Prefix.pch";
				INFOPLIST_FILE = "What's New/What's New-Info.plist";
				PRODUCT_NAME = "$(TARGET_NAME)";
				WRAPPER_EXTENSION = app;
			};
			name = Debug;
		};
		C927694D1926C3240016A0F1 /* Release */ = {
			isa = XCBuildConfiguration;
			buildSettings = {
				ASSETCATALOG_COMPILER_APPICON_NAME = AppIcon;
				ASSETCATALOG_COMPILER_LAUNCHIMAGE_NAME = LaunchImage;
				GCC_PRECOMPILE_PREFIX_HEADER = YES;
				GCC_PREFIX_HEADER = "What's New/What's New-Prefix.pch";
				INFOPLIST_FILE = "What's New/What's New-Info.plist";
				PRODUCT_NAME = "$(TARGET_NAME)";
				WRAPPER_EXTENSION = app;
			};
			name = Release;
		};
		C927694F1926C3240016A0F1 /* Debug */ = {
			isa = XCBuildConfiguration;
			buildSettings = {
				BUNDLE_LOADER = "$(BUILT_PRODUCTS_DIR)/What's New.app/What's New";
				FRAMEWORK_SEARCH_PATHS = (
					"$(SDKROOT)/Developer/Library/Frameworks",
					"$(inherited)",
					"$(DEVELOPER_FRAMEWORKS_DIR)",
				);
				GCC_PRECOMPILE_PREFIX_HEADER = YES;
				GCC_PREFIX_HEADER = "What's New/What's New-Prefix.pch";
				GCC_PREPROCESSOR_DEFINITIONS = (
					"DEBUG=1",
					"$(inherited)",
				);
				INFOPLIST_FILE = "What's NewTests/What's NewTests-Info.plist";
				PRODUCT_NAME = "$(TARGET_NAME)";
				TEST_HOST = "$(BUNDLE_LOADER)";
				WRAPPER_EXTENSION = xctest;
			};
			name = Debug;
		};
		C92769501926C3240016A0F1 /* Release */ = {
			isa = XCBuildConfiguration;
			buildSettings = {
				BUNDLE_LOADER = "$(BUILT_PRODUCTS_DIR)/What's New.app/What's New";
				FRAMEWORK_SEARCH_PATHS = (
					"$(SDKROOT)/Developer/Library/Frameworks",
					"$(inherited)",
					"$(DEVELOPER_FRAMEWORKS_DIR)",
				);
				GCC_PRECOMPILE_PREFIX_HEADER = YES;
				GCC_PREFIX_HEADER = "What's New/What's New-Prefix.pch";
				INFOPLIST_FILE = "What's NewTests/What's NewTests-Info.plist";
				PRODUCT_NAME = "$(TARGET_NAME)";
				TEST_HOST = "$(BUNDLE_LOADER)";
				WRAPPER_EXTENSION = xctest;
			};
			name = Release;
		};
/* End XCBuildConfiguration section */

/* Begin XCConfigurationList section */
		C92769111926C3240016A0F1 /* Build configuration list for PBXProject "What's New" */ = {
			isa = XCConfigurationList;
			buildConfigurations = (
				C92769491926C3240016A0F1 /* Debug */,
				C927694A1926C3240016A0F1 /* Release */,
			);
			defaultConfigurationIsVisible = 0;
			defaultConfigurationName = Release;
		};
		C927694B1926C3240016A0F1 /* Build configuration list for PBXNativeTarget "What's New" */ = {
			isa = XCConfigurationList;
			buildConfigurations = (
				C927694C1926C3240016A0F1 /* Debug */,
				C927694D1926C3240016A0F1 /* Release */,
			);
			defaultConfigurationIsVisible = 0;
			defaultConfigurationName = Release;
		};
		C927694E1926C3240016A0F1 /* Build configuration list for PBXNativeTarget "What's NewTests" */ = {
			isa = XCConfigurationList;
			buildConfigurations = (
				C927694F1926C3240016A0F1 /* Debug */,
				C92769501926C3240016A0F1 /* Release */,
			);
			defaultConfigurationIsVisible = 0;
			defaultConfigurationName = Release;
		};
/* End XCConfigurationList section */
	};
	rootObject = C927690E1926C3240016A0F1 /* Project object */;
}
